
Microsoft Visual Studio Solution File, Format Version 12.00
# Visual Studio Version 16
VisualStudioVersion = 16.0.29613.14
MinimumVisualStudioVersion = 10.0.40219.1
Project("{8BC9CEB8-8B4A-11D0-8D11-00A0C91BC942}") = "MobProgramming01", "MobProgramming01.vcxproj", "{86953B2E-541B-4D8D-B3B3-4A5A0B272047}"
EndProject
Project("{8BC9CEB8-8B4A-11D0-8D11-00A0C91BC942}") = "PacManv1", "..\PacManv1\PacManv1.vcxproj", "{218013E9-ED4D-47DB-9F3D-217CB6FEF829}"
EndProject
Global
	GlobalSection(SolutionConfigurationPlatforms) = preSolution
		Debug|x64 = Debug|x64
		Debug|x86 = Debug|x86
		Release|x64 = Release|x64
		Release|x86 = Release|x86
	EndGlobalSection
	GlobalSection(ProjectConfigurationPlatforms) = postSolution
		{86953B2E-541B-4D8D-B3B3-4A5A0B272047}.Debug|x64.ActiveCfg = Debug|x64
		{86953B2E-541B-4D8D-B3B3-4A5A0B272047}.Debug|x64.Build.0 = Debug|x64
		{86953B2E-541B-4D8D-B3B3-4A5A0B272047}.Debug|x86.ActiveCfg = Debug|Win32
		{86953B2E-541B-4D8D-B3B3-4A5A0B272047}.Debug|x86.Build.0 = Debug|Win32
		{86953B2E-541B-4D8D-B3B3-4A5A0B272047}.Release|x64.ActiveCfg = Release|x64
		{86953B2E-541B-4D8D-B3B3-4A5A0B272047}.Release|x64.Build.0 = Release|x64
		{86953B2E-541B-4D8D-B3B3-4A5A0B272047}.Release|x86.ActiveCfg = Release|Win32
		{86953B2E-541B-4D8D-B3B3-4A5A0B272047}.Release|x86.Build.0 = Release|Win32
		{218013E9-ED4D-47DB-9F3D-217CB6FEF829}.Debug|x64.ActiveCfg = Debug|x64
		{218013E9-ED4D-47DB-9F3D-217CB6FEF829}.Debug|x64.Build.0 = Debug|x64
		{218013E9-ED4D-47DB-9F3D-217CB6FEF829}.Debug|x86.ActiveCfg = Debug|Win32
		{218013E9-ED4D-47DB-9F3D-217CB6FEF829}.Debug|x86.Build.0 = Debug|Win32
		{218013E9-ED4D-47DB-9F3D-217CB6FEF829}.Release|x64.ActiveCfg = Release|x64
		{218013E9-ED4D-47DB-9F3D-217CB6FEF829}.Release|x64.Build.0 = Release|x64
		{218013E9-ED4D-47DB-9F3D-217CB6FEF829}.Release|x86.ActiveCfg = Release|Win32
		{218013E9-ED4D-47DB-9F3D-217CB6FEF829}.Release|x86.Build.0 = Release|Win32
	EndGlobalSection
	GlobalSection(SolutionProperties) = preSolution
		HideSolutionNode = FALSE
	EndGlobalSection
	GlobalSection(ExtensibilityGlobals) = postSolution
		SolutionGuid = {E1BB44E4-728F-44CF-83E2-C559E834232D}
	EndGlobalSection
EndGlobal
